
Microsoft Visual Studio Solution File, Format Version 12.00
# Visual Studio Express 2012 for Windows Desktop
Project("{FAE04EC0-301F-11D3-BF4B-00C04F79EFBC}") = "DualWallpaperChanger", "DualWallpaperChanger\DualWallpaperChanger.csproj", "{05980224-7CDD-4206-B7F6-CB968ADD6CAC}"
EndProject
Project("{FAE04EC0-301F-11D3-BF4B-00C04F79EFBC}") = "DWC_LocalDisk", "DWC_LocalDisk\DWC_LocalDisk.csproj", "{AD5BDA28-0778-48AF-9CCF-E7C63DC34CCD}"
EndProject
Project("{FAE04EC0-301F-11D3-BF4B-00C04F79EFBC}") = "DWC_Library", "DWC_Library\DWC_Library.csproj", "{86692417-ACC4-4A8F-9C19-095C7648F7E7}"
EndProject
Project("{FAE04EC0-301F-11D3-BF4B-00C04F79EFBC}") = "DWC_RandomShapes", "DWC_RandomShapes\DWC_RandomShapes.csproj", "{76F846DB-8FC1-44A8-A86A-42716FE1EDF8}"
EndProject
Project("{FAE04EC0-301F-11D3-BF4B-00C04F79EFBC}") = "DWC_Library_Tests", "DWC_Library_Tests\DWC_Library_Tests.csproj", "{A849FB6E-8682-4A4E-A9B4-218FBF2ABCAB}"
EndProject
Project("{FAE04EC0-301F-11D3-BF4B-00C04F79EFBC}") = "DWC_Unsplash", "DWC_Unsplash\DWC_Unsplash.csproj", "{53624B70-74FD-489B-A996-33952C6B4EA0}"
EndProject
Global
	GlobalSection(SolutionConfigurationPlatforms) = preSolution
		Debug|Any CPU = Debug|Any CPU
		Release|Any CPU = Release|Any CPU
	EndGlobalSection
	GlobalSection(ProjectConfigurationPlatforms) = postSolution
		{05980224-7CDD-4206-B7F6-CB968ADD6CAC}.Debug|Any CPU.ActiveCfg = Debug|Any CPU
		{05980224-7CDD-4206-B7F6-CB968ADD6CAC}.Debug|Any CPU.Build.0 = Debug|Any CPU
		{05980224-7CDD-4206-B7F6-CB968ADD6CAC}.Release|Any CPU.ActiveCfg = Release|Any CPU
		{05980224-7CDD-4206-B7F6-CB968ADD6CAC}.Release|Any CPU.Build.0 = Release|Any CPU
		{AD5BDA28-0778-48AF-9CCF-E7C63DC34CCD}.Debug|Any CPU.ActiveCfg = Debug|Any CPU
		{AD5BDA28-0778-48AF-9CCF-E7C63DC34CCD}.Debug|Any CPU.Build.0 = Debug|Any CPU
		{AD5BDA28-0778-48AF-9CCF-E7C63DC34CCD}.Release|Any CPU.ActiveCfg = Release|Any CPU
		{AD5BDA28-0778-48AF-9CCF-E7C63DC34CCD}.Release|Any CPU.Build.0 = Release|Any CPU
		{86692417-ACC4-4A8F-9C19-095C7648F7E7}.Debug|Any CPU.ActiveCfg = Debug|Any CPU
		{86692417-ACC4-4A8F-9C19-095C7648F7E7}.Debug|Any CPU.Build.0 = Debug|Any CPU
		{86692417-ACC4-4A8F-9C19-095C7648F7E7}.Release|Any CPU.ActiveCfg = Release|Any CPU
		{86692417-ACC4-4A8F-9C19-095C7648F7E7}.Release|Any CPU.Build.0 = Release|Any CPU
		{76F846DB-8FC1-44A8-A86A-42716FE1EDF8}.Debug|Any CPU.ActiveCfg = Debug|Any CPU
		{76F846DB-8FC1-44A8-A86A-42716FE1EDF8}.Debug|Any CPU.Build.0 = Debug|Any CPU
		{76F846DB-8FC1-44A8-A86A-42716FE1EDF8}.Release|Any CPU.ActiveCfg = Release|Any CPU
		{76F846DB-8FC1-44A8-A86A-42716FE1EDF8}.Release|Any CPU.Build.0 = Release|Any CPU
		{A849FB6E-8682-4A4E-A9B4-218FBF2ABCAB}.Debug|Any CPU.ActiveCfg = Debug|Any CPU
		{A849FB6E-8682-4A4E-A9B4-218FBF2ABCAB}.Debug|Any CPU.Build.0 = Debug|Any CPU
		{A849FB6E-8682-4A4E-A9B4-218FBF2ABCAB}.Release|Any CPU.ActiveCfg = Release|Any CPU
		{A849FB6E-8682-4A4E-A9B4-218FBF2ABCAB}.Release|Any CPU.Build.0 = Release|Any CPU
		{53624B70-74FD-489B-A996-33952C6B4EA0}.Debug|Any CPU.ActiveCfg = Debug|Any CPU
		{53624B70-74FD-489B-A996-33952C6B4EA0}.Debug|Any CPU.Build.0 = Debug|Any CPU
		{53624B70-74FD-489B-A996-33952C6B4EA0}.Release|Any CPU.ActiveCfg = Release|Any CPU
		{53624B70-74FD-489B-A996-33952C6B4EA0}.Release|Any CPU.Build.0 = Release|Any CPU
	EndGlobalSection
	GlobalSection(SolutionProperties) = preSolution
		HideSolutionNode = FALSE
	EndGlobalSection
EndGlobal
