
Microsoft Visual Studio Solution File, Format Version 12.00
# Visual Studio Express 2012 for Windows Desktop
Project("{FAE04EC0-301F-11D3-BF4B-00C04F79EFBC}") = "DualLauncher", "DualLauncher\DualLauncher.csproj", "{985BC644-F36A-402D-92D8-5D094DA12299}"
EndProject
Global
	GlobalSection(SolutionConfigurationPlatforms) = preSolution
		Debug|Any CPU = Debug|Any CPU
		Release|Any CPU = Release|Any CPU
	EndGlobalSection
	GlobalSection(ProjectConfigurationPlatforms) = postSolution
		{985BC644-F36A-402D-92D8-5D094DA12299}.Debug|Any CPU.ActiveCfg = Debug|Any CPU
		{985BC644-F36A-402D-92D8-5D094DA12299}.Debug|Any CPU.Build.0 = Debug|Any CPU
		{985BC644-F36A-402D-92D8-5D094DA12299}.Release|Any CPU.ActiveCfg = Release|Any CPU
		{985BC644-F36A-402D-92D8-5D094DA12299}.Release|Any CPU.Build.0 = Release|Any CPU
	EndGlobalSection
	GlobalSection(SolutionProperties) = preSolution
		HideSolutionNode = FALSE
	EndGlobalSection
EndGlobal
