
Microsoft Visual Studio Solution File, Format Version 12.00
# Visual Studio Express 2012 for Windows Desktop
Project("{FAE04EC0-301F-11D3-BF4B-00C04F79EFBC}") = "DMT", "DMT\DMT.csproj", "{B8377ACA-52D2-4B1D-887C-D7102AA859C6}"
EndProject
Project("{FAE04EC0-301F-11D3-BF4B-00C04F79EFBC}") = "DMT.UnitTests", "DMT.UnitTests\DMT.UnitTests.csproj", "{837CAB3B-219A-4704-AC8E-665853979E88}"
EndProject
Global
	GlobalSection(SolutionConfigurationPlatforms) = preSolution
		Debug|Any CPU = Debug|Any CPU
		Release|Any CPU = Release|Any CPU
	EndGlobalSection
	GlobalSection(ProjectConfigurationPlatforms) = postSolution
		{B8377ACA-52D2-4B1D-887C-D7102AA859C6}.Debug|Any CPU.ActiveCfg = Debug|Any CPU
		{B8377ACA-52D2-4B1D-887C-D7102AA859C6}.Debug|Any CPU.Build.0 = Debug|Any CPU
		{B8377ACA-52D2-4B1D-887C-D7102AA859C6}.Release|Any CPU.ActiveCfg = Release|Any CPU
		{B8377ACA-52D2-4B1D-887C-D7102AA859C6}.Release|Any CPU.Build.0 = Release|Any CPU
		{837CAB3B-219A-4704-AC8E-665853979E88}.Debug|Any CPU.ActiveCfg = Debug|Any CPU
		{837CAB3B-219A-4704-AC8E-665853979E88}.Debug|Any CPU.Build.0 = Debug|Any CPU
		{837CAB3B-219A-4704-AC8E-665853979E88}.Release|Any CPU.ActiveCfg = Release|Any CPU
		{837CAB3B-219A-4704-AC8E-665853979E88}.Release|Any CPU.Build.0 = Release|Any CPU
	EndGlobalSection
	GlobalSection(SolutionProperties) = preSolution
		HideSolutionNode = FALSE
	EndGlobalSection
EndGlobal
