
Microsoft Visual Studio Solution File, Format Version 12.00
# Visual Studio Express 2012 for Windows Desktop
Project("{FAE04EC0-301F-11D3-BF4B-00C04F79EFBC}") = "DmtWallpaper", "DmtWallpaper\DmtWallpaper.csproj", "{8F1405D3-1333-419D-A773-CA7D50CA847D}"
EndProject
Global
	GlobalSection(SolutionConfigurationPlatforms) = preSolution
		Debug|Any CPU = Debug|Any CPU
		Release|Any CPU = Release|Any CPU
	EndGlobalSection
	GlobalSection(ProjectConfigurationPlatforms) = postSolution
		{8F1405D3-1333-419D-A773-CA7D50CA847D}.Debug|Any CPU.ActiveCfg = Debug|Any CPU
		{8F1405D3-1333-419D-A773-CA7D50CA847D}.Debug|Any CPU.Build.0 = Debug|Any CPU
		{8F1405D3-1333-419D-A773-CA7D50CA847D}.Release|Any CPU.ActiveCfg = Release|Any CPU
		{8F1405D3-1333-419D-A773-CA7D50CA847D}.Release|Any CPU.Build.0 = Release|Any CPU
	EndGlobalSection
	GlobalSection(SolutionProperties) = preSolution
		HideSolutionNode = FALSE
	EndGlobalSection
EndGlobal
