
Microsoft Visual Studio Solution File, Format Version 9.00
# Visual C# Express 2005
Project("{FAE04EC0-301F-11D3-BF4B-00C04F79EFBC}") = "DisMon", "DisMon\DisMon.csproj", "{DCA47285-491C-405D-B872-2AAEEBB5CD55}"
EndProject
Global
	GlobalSection(SolutionConfigurationPlatforms) = preSolution
		Debug|Any CPU = Debug|Any CPU
		Release|Any CPU = Release|Any CPU
	EndGlobalSection
	GlobalSection(ProjectConfigurationPlatforms) = postSolution
		{DCA47285-491C-405D-B872-2AAEEBB5CD55}.Debug|Any CPU.ActiveCfg = Debug|Any CPU
		{DCA47285-491C-405D-B872-2AAEEBB5CD55}.Debug|Any CPU.Build.0 = Debug|Any CPU
		{DCA47285-491C-405D-B872-2AAEEBB5CD55}.Release|Any CPU.ActiveCfg = Release|Any CPU
		{DCA47285-491C-405D-B872-2AAEEBB5CD55}.Release|Any CPU.Build.0 = Release|Any CPU
	EndGlobalSection
	GlobalSection(SolutionProperties) = preSolution
		HideSolutionNode = FALSE
	EndGlobalSection
EndGlobal
